// !$*UTF8*$!
{
	archiveVersion = 1;
	classes = {
	};
	objectVersion = 55;
	objects = {

/* Begin PBXBuildFile section */
		134C246DB88CBD127FACB949 /* Pods_firebaseImageUpload_firebaseImageUploadUITests.framework in Frameworks */ = {isa = PBXBuildFile; fileRef = 9BFCBE8B90F0A06AEE6F448B /* Pods_firebaseImageUpload_firebaseImageUploadUITests.framework */; };
		230E18D16DC16B9FAE706169 /* Pods_firebaseImageUploadTests.framework in Frameworks */ = {isa = PBXBuildFile; fileRef = AE06C782D26CD360913391A8 /* Pods_firebaseImageUploadTests.framework */; };
		8E746D06284F8E3F00AE80A2 /* AppDelegate.swift in Sources */ = {isa = PBXBuildFile; fileRef = 8E746D05284F8E3F00AE80A2 /* AppDelegate.swift */; };
		8E746D08284F8E3F00AE80A2 /* SceneDelegate.swift in Sources */ = {isa = PBXBuildFile; fileRef = 8E746D07284F8E3F00AE80A2 /* SceneDelegate.swift */; };
		8E746D0A284F8E3F00AE80A2 /* ViewController.swift in Sources */ = {isa = PBXBuildFile; fileRef = 8E746D09284F8E3F00AE80A2 /* ViewController.swift */; };
		8E746D0D284F8E3F00AE80A2 /* Main.storyboard in Resources */ = {isa = PBXBuildFile; fileRef = 8E746D0B284F8E3F00AE80A2 /* Main.storyboard */; };
		8E746D0F284F8E4000AE80A2 /* Assets.xcassets in Resources */ = {isa = PBXBuildFile; fileRef = 8E746D0E284F8E4000AE80A2 /* Assets.xcassets */; };
		8E746D12284F8E4000AE80A2 /* LaunchScreen.storyboard in Resources */ = {isa = PBXBuildFile; fileRef = 8E746D10284F8E4000AE80A2 /* LaunchScreen.storyboard */; };
		8E746D1D284F8E4000AE80A2 /* firebaseImageUploadTests.swift in Sources */ = {isa = PBXBuildFile; fileRef = 8E746D1C284F8E4000AE80A2 /* firebaseImageUploadTests.swift */; };
		8E746D27284F8E4000AE80A2 /* firebaseImageUploadUITests.swift in Sources */ = {isa = PBXBuildFile; fileRef = 8E746D26284F8E4000AE80A2 /* firebaseImageUploadUITests.swift */; };
		8E746D29284F8E4000AE80A2 /* firebaseImageUploadUITestsLaunchTests.swift in Sources */ = {isa = PBXBuildFile; fileRef = 8E746D28284F8E4000AE80A2 /* firebaseImageUploadUITestsLaunchTests.swift */; };
		8E746D36284F8F7900AE80A2 /* GoogleService-Info.plist in Resources */ = {isa = PBXBuildFile; fileRef = 8E746D35284F8F7900AE80A2 /* GoogleService-Info.plist */; };
		B37ACE7879EA865B2873A133 /* Pods_firebaseImageUpload.framework in Frameworks */ = {isa = PBXBuildFile; fileRef = 212BD15BCC548F6065B33E53 /* Pods_firebaseImageUpload.framework */; };
/* End PBXBuildFile section */

/* Begin PBXContainerItemProxy section */
		8E746D19284F8E4000AE80A2 /* PBXContainerItemProxy */ = {
			isa = PBXContainerItemProxy;
			containerPortal = 8E746CFA284F8E3F00AE80A2 /* Project object */;
			proxyType = 1;
			remoteGlobalIDString = 8E746D01284F8E3F00AE80A2;
			remoteInfo = firebaseImageUpload;
		};
		8E746D23284F8E4000AE80A2 /* PBXContainerItemProxy */ = {
			isa = PBXContainerItemProxy;
			containerPortal = 8E746CFA284F8E3F00AE80A2 /* Project object */;
			proxyType = 1;
			remoteGlobalIDString = 8E746D01284F8E3F00AE80A2;
			remoteInfo = firebaseImageUpload;
		};
/* End PBXContainerItemProxy section */

/* Begin PBXFileReference section */
		052CF6DD50DE32BF124C635F /* Pods-firebaseImageUploadTests.debug.xcconfig */ = {isa = PBXFileReference; includeInIndex = 1; lastKnownFileType = text.xcconfig; name = "Pods-firebaseImageUploadTests.debug.xcconfig"; path = "Target Support Files/Pods-firebaseImageUploadTests/Pods-firebaseImageUploadTests.debug.xcconfig"; sourceTree = "<group>"; };
		212BD15BCC548F6065B33E53 /* Pods_firebaseImageUpload.framework */ = {isa = PBXFileReference; explicitFileType = wrapper.framework; includeInIndex = 0; path = Pods_firebaseImageUpload.framework; sourceTree = BUILT_PRODUCTS_DIR; };
		4D32C8A1000648861A6B3793 /* Pods-firebaseImageUpload.release.xcconfig */ = {isa = PBXFileReference; includeInIndex = 1; lastKnownFileType = text.xcconfig; name = "Pods-firebaseImageUpload.release.xcconfig"; path = "Target Support Files/Pods-firebaseImageUpload/Pods-firebaseImageUpload.release.xcconfig"; sourceTree = "<group>"; };
		81F1B8DE7AAC947C28C46FA9 /* Pods-firebaseImageUploadTests.release.xcconfig */ = {isa = PBXFileReference; includeInIndex = 1; lastKnownFileType = text.xcconfig; name = "Pods-firebaseImageUploadTests.release.xcconfig"; path = "Target Support Files/Pods-firebaseImageUploadTests/Pods-firebaseImageUploadTests.release.xcconfig"; sourceTree = "<group>"; };
		8E746D02284F8E3F00AE80A2 /* firebaseImageUpload.app */ = {isa = PBXFileReference; explicitFileType = wrapper.application; includeInIndex = 0; path = firebaseImageUpload.app; sourceTree = BUILT_PRODUCTS_DIR; };
		8E746D05284F8E3F00AE80A2 /* AppDelegate.swift */ = {isa = PBXFileReference; lastKnownFileType = sourcecode.swift; path = AppDelegate.swift; sourceTree = "<group>"; };
		8E746D07284F8E3F00AE80A2 /* SceneDelegate.swift */ = {isa = PBXFileReference; lastKnownFileType = sourcecode.swift; path = SceneDelegate.swift; sourceTree = "<group>"; };
		8E746D09284F8E3F00AE80A2 /* ViewController.swift */ = {isa = PBXFileReference; lastKnownFileType = sourcecode.swift; path = ViewController.swift; sourceTree = "<group>"; };
		8E746D0C284F8E3F00AE80A2 /* Base */ = {isa = PBXFileReference; lastKnownFileType = file.storyboard; name = Base; path = Base.lproj/Main.storyboard; sourceTree = "<group>"; };
		8E746D0E284F8E4000AE80A2 /* Assets.xcassets */ = {isa = PBXFileReference; lastKnownFileType = folder.assetcatalog; path = Assets.xcassets; sourceTree = "<group>"; };
		8E746D11284F8E4000AE80A2 /* Base */ = {isa = PBXFileReference; lastKnownFileType = file.storyboard; name = Base; path = Base.lproj/LaunchScreen.storyboard; sourceTree = "<group>"; };
		8E746D13284F8E4000AE80A2 /* Info.plist */ = {isa = PBXFileReference; lastKnownFileType = text.plist.xml; path = Info.plist; sourceTree = "<group>"; };
		8E746D18284F8E4000AE80A2 /* firebaseImageUploadTests.xctest */ = {isa = PBXFileReference; explicitFileType = wrapper.cfbundle; includeInIndex = 0; path = firebaseImageUploadTests.xctest; sourceTree = BUILT_PRODUCTS_DIR; };
		8E746D1C284F8E4000AE80A2 /* firebaseImageUploadTests.swift */ = {isa = PBXFileReference; lastKnownFileType = sourcecode.swift; path = firebaseImageUploadTests.swift; sourceTree = "<group>"; };
		8E746D22284F8E4000AE80A2 /* firebaseImageUploadUITests.xctest */ = {isa = PBXFileReference; explicitFileType = wrapper.cfbundle; includeInIndex = 0; path = firebaseImageUploadUITests.xctest; sourceTree = BUILT_PRODUCTS_DIR; };
		8E746D26284F8E4000AE80A2 /* firebaseImageUploadUITests.swift */ = {isa = PBXFileReference; lastKnownFileType = sourcecode.swift; path = firebaseImageUploadUITests.swift; sourceTree = "<group>"; };
		8E746D28284F8E4000AE80A2 /* firebaseImageUploadUITestsLaunchTests.swift */ = {isa = PBXFileReference; lastKnownFileType = sourcecode.swift; path = firebaseImageUploadUITestsLaunchTests.swift; sourceTree = "<group>"; };
		8E746D35284F8F7900AE80A2 /* GoogleService-Info.plist */ = {isa = PBXFileReference; fileEncoding = 4; lastKnownFileType = text.plist.xml; path = "GoogleService-Info.plist"; sourceTree = "<group>"; };
		966B2B751B2D960C01C21DD4 /* Pods-firebaseImageUpload-firebaseImageUploadUITests.debug.xcconfig */ = {isa = PBXFileReference; includeInIndex = 1; lastKnownFileType = text.xcconfig; name = "Pods-firebaseImageUpload-firebaseImageUploadUITests.debug.xcconfig"; path = "Target Support Files/Pods-firebaseImageUpload-firebaseImageUploadUITests/Pods-firebaseImageUpload-firebaseImageUploadUITests.debug.xcconfig"; sourceTree = "<group>"; };
		9BFCBE8B90F0A06AEE6F448B /* Pods_firebaseImageUpload_firebaseImageUploadUITests.framework */ = {isa = PBXFileReference; explicitFileType = wrapper.framework; includeInIndex = 0; path = Pods_firebaseImageUpload_firebaseImageUploadUITests.framework; sourceTree = BUILT_PRODUCTS_DIR; };
		AAA32EE685017F5F33780F67 /* Pods-firebaseImageUpload.debug.xcconfig */ = {isa = PBXFileReference; includeInIndex = 1; lastKnownFileType = text.xcconfig; name = "Pods-firebaseImageUpload.debug.xcconfig"; path = "Target Support Files/Pods-firebaseImageUpload/Pods-firebaseImageUpload.debug.xcconfig"; sourceTree = "<group>"; };
		AE06C782D26CD360913391A8 /* Pods_firebaseImageUploadTests.framework */ = {isa = PBXFileReference; explicitFileType = wrapper.framework; includeInIndex = 0; path = Pods_firebaseImageUploadTests.framework; sourceTree = BUILT_PRODUCTS_DIR; };
		BC5E04F260B937460302EED6 /* Pods-firebaseImageUpload-firebaseImageUploadUITests.release.xcconfig */ = {isa = PBXFileReference; includeInIndex = 1; lastKnownFileType = text.xcconfig; name = "Pods-firebaseImageUpload-firebaseImageUploadUITests.release.xcconfig"; path = "Target Support Files/Pods-firebaseImageUpload-firebaseImageUploadUITests/Pods-firebaseImageUpload-firebaseImageUploadUITests.release.xcconfig"; sourceTree = "<group>"; };
/* End PBXFileReference section */

/* Begin PBXFrameworksBuildPhase section */
		8E746CFF284F8E3F00AE80A2 /* Frameworks */ = {
			isa = PBXFrameworksBuildPhase;
			buildActionMask = 2147483647;
			files = (
				B37ACE7879EA865B2873A133 /* Pods_firebaseImageUpload.framework in Frameworks */,
			);
			runOnlyForDeploymentPostprocessing = 0;
		};
		8E746D15284F8E4000AE80A2 /* Frameworks */ = {
			isa = PBXFrameworksBuildPhase;
			buildActionMask = 2147483647;
			files = (
				230E18D16DC16B9FAE706169 /* Pods_firebaseImageUploadTests.framework in Frameworks */,
			);
			runOnlyForDeploymentPostprocessing = 0;
		};
		8E746D1F284F8E4000AE80A2 /* Frameworks */ = {
			isa = PBXFrameworksBuildPhase;
			buildActionMask = 2147483647;
			files = (
				134C246DB88CBD127FACB949 /* Pods_firebaseImageUpload_firebaseImageUploadUITests.framework in Frameworks */,
			);
			runOnlyForDeploymentPostprocessing = 0;
		};
/* End PBXFrameworksBuildPhase section */

/* Begin PBXGroup section */
		69409500D3E8218143F9FA05 /* Frameworks */ = {
			isa = PBXGroup;
			children = (
				212BD15BCC548F6065B33E53 /* Pods_firebaseImageUpload.framework */,
				9BFCBE8B90F0A06AEE6F448B /* Pods_firebaseImageUpload_firebaseImageUploadUITests.framework */,
				AE06C782D26CD360913391A8 /* Pods_firebaseImageUploadTests.framework */,
			);
			name = Frameworks;
			sourceTree = "<group>";
		};
		8E746CF9284F8E3F00AE80A2 = {
			isa = PBXGroup;
			children = (
				8E746D04284F8E3F00AE80A2 /* firebaseImageUpload */,
				8E746D1B284F8E4000AE80A2 /* firebaseImageUploadTests */,
				8E746D25284F8E4000AE80A2 /* firebaseImageUploadUITests */,
				8E746D03284F8E3F00AE80A2 /* Products */,
				B5C36F06D2E953665E13FB91 /* Pods */,
				69409500D3E8218143F9FA05 /* Frameworks */,
			);
			sourceTree = "<group>";
		};
		8E746D03284F8E3F00AE80A2 /* Products */ = {
			isa = PBXGroup;
			children = (
				8E746D02284F8E3F00AE80A2 /* firebaseImageUpload.app */,
				8E746D18284F8E4000AE80A2 /* firebaseImageUploadTests.xctest */,
				8E746D22284F8E4000AE80A2 /* firebaseImageUploadUITests.xctest */,
			);
			name = Products;
			sourceTree = "<group>";
		};
		8E746D04284F8E3F00AE80A2 /* firebaseImageUpload */ = {
			isa = PBXGroup;
			children = (
				8E746D05284F8E3F00AE80A2 /* AppDelegate.swift */,
				8E746D07284F8E3F00AE80A2 /* SceneDelegate.swift */,
				8E746D09284F8E3F00AE80A2 /* ViewController.swift */,
				8E746D0B284F8E3F00AE80A2 /* Main.storyboard */,
				8E746D0E284F8E4000AE80A2 /* Assets.xcassets */,
				8E746D10284F8E4000AE80A2 /* LaunchScreen.storyboard */,
				8E746D13284F8E4000AE80A2 /* Info.plist */,
				8E746D35284F8F7900AE80A2 /* GoogleService-Info.plist */,
			);
			path = firebaseImageUpload;
			sourceTree = "<group>";
		};
		8E746D1B284F8E4000AE80A2 /* firebaseImageUploadTests */ = {
			isa = PBXGroup;
			children = (
				8E746D1C284F8E4000AE80A2 /* firebaseImageUploadTests.swift */,
			);
			path = firebaseImageUploadTests;
			sourceTree = "<group>";
		};
		8E746D25284F8E4000AE80A2 /* firebaseImageUploadUITests */ = {
			isa = PBXGroup;
			children = (
				8E746D26284F8E4000AE80A2 /* firebaseImageUploadUITests.swift */,
				8E746D28284F8E4000AE80A2 /* firebaseImageUploadUITestsLaunchTests.swift */,
			);
			path = firebaseImageUploadUITests;
			sourceTree = "<group>";
		};
		B5C36F06D2E953665E13FB91 /* Pods */ = {
			isa = PBXGroup;
			children = (
				AAA32EE685017F5F33780F67 /* Pods-firebaseImageUpload.debug.xcconfig */,
				4D32C8A1000648861A6B3793 /* Pods-firebaseImageUpload.release.xcconfig */,
				966B2B751B2D960C01C21DD4 /* Pods-firebaseImageUpload-firebaseImageUploadUITests.debug.xcconfig */,
				BC5E04F260B937460302EED6 /* Pods-firebaseImageUpload-firebaseImageUploadUITests.release.xcconfig */,
				052CF6DD50DE32BF124C635F /* Pods-firebaseImageUploadTests.debug.xcconfig */,
				81F1B8DE7AAC947C28C46FA9 /* Pods-firebaseImageUploadTests.release.xcconfig */,
			);
			path = Pods;
			sourceTree = "<group>";
		};
/* End PBXGroup section */

/* Begin PBXNativeTarget section */
		8E746D01284F8E3F00AE80A2 /* firebaseImageUpload */ = {
			isa = PBXNativeTarget;
			buildConfigurationList = 8E746D2C284F8E4000AE80A2 /* Build configuration list for PBXNativeTarget "firebaseImageUpload" */;
			buildPhases = (
				2732BBB9A38AF10A96FF56A1 /* [CP] Check Pods Manifest.lock */,
				8E746CFE284F8E3F00AE80A2 /* Sources */,
				8E746CFF284F8E3F00AE80A2 /* Frameworks */,
				8E746D00284F8E3F00AE80A2 /* Resources */,
				B38F88E41101B78314D03C7E /* [CP] Embed Pods Frameworks */,
			);
			buildRules = (
			);
			dependencies = (
			);
			name = firebaseImageUpload;
			productName = firebaseImageUpload;
			productReference = 8E746D02284F8E3F00AE80A2 /* firebaseImageUpload.app */;
			productType = "com.apple.product-type.application";
		};
		8E746D17284F8E4000AE80A2 /* firebaseImageUploadTests */ = {
			isa = PBXNativeTarget;
			buildConfigurationList = 8E746D2F284F8E4000AE80A2 /* Build configuration list for PBXNativeTarget "firebaseImageUploadTests" */;
			buildPhases = (
				9DB724982643656D18EDFA23 /* [CP] Check Pods Manifest.lock */,
				8E746D14284F8E4000AE80A2 /* Sources */,
				8E746D15284F8E4000AE80A2 /* Frameworks */,
				8E746D16284F8E4000AE80A2 /* Resources */,
			);
			buildRules = (
			);
			dependencies = (
				8E746D1A284F8E4000AE80A2 /* PBXTargetDependency */,
			);
			name = firebaseImageUploadTests;
			productName = firebaseImageUploadTests;
			productReference = 8E746D18284F8E4000AE80A2 /* firebaseImageUploadTests.xctest */;
			productType = "com.apple.product-type.bundle.unit-test";
		};
		8E746D21284F8E4000AE80A2 /* firebaseImageUploadUITests */ = {
			isa = PBXNativeTarget;
			buildConfigurationList = 8E746D32284F8E4000AE80A2 /* Build configuration list for PBXNativeTarget "firebaseImageUploadUITests" */;
			buildPhases = (
				C54D9C769FE9AE2CD476018F /* [CP] Check Pods Manifest.lock */,
				8E746D1E284F8E4000AE80A2 /* Sources */,
				8E746D1F284F8E4000AE80A2 /* Frameworks */,
				8E746D20284F8E4000AE80A2 /* Resources */,
				176C0FFA06EF9116AE0BD37E /* [CP] Embed Pods Frameworks */,
			);
			buildRules = (
			);
			dependencies = (
				8E746D24284F8E4000AE80A2 /* PBXTargetDependency */,
			);
			name = firebaseImageUploadUITests;
			productName = firebaseImageUploadUITests;
			productReference = 8E746D22284F8E4000AE80A2 /* firebaseImageUploadUITests.xctest */;
			productType = "com.apple.product-type.bundle.ui-testing";
		};
/* End PBXNativeTarget section */

/* Begin PBXProject section */
		8E746CFA284F8E3F00AE80A2 /* Project object */ = {
			isa = PBXProject;
			attributes = {
				BuildIndependentTargetsInParallel = 1;
				LastSwiftUpdateCheck = 1340;
				LastUpgradeCheck = 1340;
				TargetAttributes = {
					8E746D01284F8E3F00AE80A2 = {
						CreatedOnToolsVersion = 13.4.1;
					};
					8E746D17284F8E4000AE80A2 = {
						CreatedOnToolsVersion = 13.4.1;
						TestTargetID = 8E746D01284F8E3F00AE80A2;
					};
					8E746D21284F8E4000AE80A2 = {
						CreatedOnToolsVersion = 13.4.1;
						TestTargetID = 8E746D01284F8E3F00AE80A2;
					};
				};
			};
			buildConfigurationList = 8E746CFD284F8E3F00AE80A2 /* Build configuration list for PBXProject "firebaseImageUpload" */;
			compatibilityVersion = "Xcode 13.0";
			developmentRegion = en;
			hasScannedForEncodings = 0;
			knownRegions = (
				en,
				Base,
			);
			mainGroup = 8E746CF9284F8E3F00AE80A2;
			productRefGroup = 8E746D03284F8E3F00AE80A2 /* Products */;
			projectDirPath = "";
			projectRoot = "";
			targets = (
				8E746D01284F8E3F00AE80A2 /* firebaseImageUpload */,
				8E746D17284F8E4000AE80A2 /* firebaseImageUploadTests */,
				8E746D21284F8E4000AE80A2 /* firebaseImageUploadUITests */,
			);
		};
/* End PBXProject section */

/* Begin PBXResourcesBuildPhase section */
		8E746D00284F8E3F00AE80A2 /* Resources */ = {
			isa = PBXResourcesBuildPhase;
			buildActionMask = 2147483647;
			files = (
				8E746D12284F8E4000AE80A2 /* LaunchScreen.storyboard in Resources */,
				8E746D36284F8F7900AE80A2 /* GoogleService-Info.plist in Resources */,
				8E746D0F284F8E4000AE80A2 /* Assets.xcassets in Resources */,
				8E746D0D284F8E3F00AE80A2 /* Main.storyboard in Resources */,
			);
			runOnlyForDeploymentPostprocessing = 0;
		};
		8E746D16284F8E4000AE80A2 /* Resources */ = {
			isa = PBXResourcesBuildPhase;
			buildActionMask = 2147483647;
			files = (
			);
			runOnlyForDeploymentPostprocessing = 0;
		};
		8E746D20284F8E4000AE80A2 /* Resources */ = {
			isa = PBXResourcesBuildPhase;
			buildActionMask = 2147483647;
			files = (
			);
			runOnlyForDeploymentPostprocessing = 0;
		};
/* End PBXResourcesBuildPhase section */

/* Begin PBXShellScriptBuildPhase section */
		176C0FFA06EF9116AE0BD37E /* [CP] Embed Pods Frameworks */ = {
			isa = PBXShellScriptBuildPhase;
			buildActionMask = 2147483647;
			files = (
			);
			inputFileListPaths = (
				"${PODS_ROOT}/Target Support Files/Pods-firebaseImageUpload-firebaseImageUploadUITests/Pods-firebaseImageUpload-firebaseImageUploadUITests-frameworks-${CONFIGURATION}-input-files.xcfilelist",
			);
			name = "[CP] Embed Pods Frameworks";
			outputFileListPaths = (
				"${PODS_ROOT}/Target Support Files/Pods-firebaseImageUpload-firebaseImageUploadUITests/Pods-firebaseImageUpload-firebaseImageUploadUITests-frameworks-${CONFIGURATION}-output-files.xcfilelist",
			);
			runOnlyForDeploymentPostprocessing = 0;
			shellPath = /bin/sh;
			shellScript = "\"${PODS_ROOT}/Target Support Files/Pods-firebaseImageUpload-firebaseImageUploadUITests/Pods-firebaseImageUpload-firebaseImageUploadUITests-frameworks.sh\"\n";
			showEnvVarsInLog = 0;
		};
		2732BBB9A38AF10A96FF56A1 /* [CP] Check Pods Manifest.lock */ = {
			isa = PBXShellScriptBuildPhase;
			buildActionMask = 2147483647;
			files = (
			);
			inputFileListPaths = (
			);
			inputPaths = (
				"${PODS_PODFILE_DIR_PATH}/Podfile.lock",
				"${PODS_ROOT}/Manifest.lock",
			);
			name = "[CP] Check Pods Manifest.lock";
			outputFileListPaths = (
			);
			outputPaths = (
				"$(DERIVED_FILE_DIR)/Pods-firebaseImageUpload-checkManifestLockResult.txt",
			);
			runOnlyForDeploymentPostprocessing = 0;
			shellPath = /bin/sh;
			shellScript = "diff \"${PODS_PODFILE_DIR_PATH}/Podfile.lock\" \"${PODS_ROOT}/Manifest.lock\" > /dev/null\nif [ $? != 0 ] ; then\n    # print error to STDERR\n    echo \"error: The sandbox is not in sync with the Podfile.lock. Run 'pod install' or update your CocoaPods installation.\" >&2\n    exit 1\nfi\n# This output is used by Xcode 'outputs' to avoid re-running this script phase.\necho \"SUCCESS\" > \"${SCRIPT_OUTPUT_FILE_0}\"\n";
			showEnvVarsInLog = 0;
		};
		9DB724982643656D18EDFA23 /* [CP] Check Pods Manifest.lock */ = {
			isa = PBXShellScriptBuildPhase;
			buildActionMask = 2147483647;
			files = (
			);
			inputFileListPaths = (
			);
			inputPaths = (
				"${PODS_PODFILE_DIR_PATH}/Podfile.lock",
				"${PODS_ROOT}/Manifest.lock",
			);
			name = "[CP] Check Pods Manifest.lock";
			outputFileListPaths = (
			);
			outputPaths = (
				"$(DERIVED_FILE_DIR)/Pods-firebaseImageUploadTests-checkManifestLockResult.txt",
			);
			runOnlyForDeploymentPostprocessing = 0;
			shellPath = /bin/sh;
			shellScript = "diff \"${PODS_PODFILE_DIR_PATH}/Podfile.lock\" \"${PODS_ROOT}/Manifest.lock\" > /dev/null\nif [ $? != 0 ] ; then\n    # print error to STDERR\n    echo \"error: The sandbox is not in sync with the Podfile.lock. Run 'pod install' or update your CocoaPods installation.\" >&2\n    exit 1\nfi\n# This output is used by Xcode 'outputs' to avoid re-running this script phase.\necho \"SUCCESS\" > \"${SCRIPT_OUTPUT_FILE_0}\"\n";
			showEnvVarsInLog = 0;
		};
		B38F88E41101B78314D03C7E /* [CP] Embed Pods Frameworks */ = {
			isa = PBXShellScriptBuildPhase;
			buildActionMask = 2147483647;
			files = (
			);
			inputFileListPaths = (
				"${PODS_ROOT}/Target Support Files/Pods-firebaseImageUpload/Pods-firebaseImageUpload-frameworks-${CONFIGURATION}-input-files.xcfilelist",
			);
			name = "[CP] Embed Pods Frameworks";
			outputFileListPaths = (
				"${PODS_ROOT}/Target Support Files/Pods-firebaseImageUpload/Pods-firebaseImageUpload-frameworks-${CONFIGURATION}-output-files.xcfilelist",
			);
			runOnlyForDeploymentPostprocessing = 0;
			shellPath = /bin/sh;
			shellScript = "\"${PODS_ROOT}/Target Support Files/Pods-firebaseImageUpload/Pods-firebaseImageUpload-frameworks.sh\"\n";
			showEnvVarsInLog = 0;
		};
		C54D9C769FE9AE2CD476018F /* [CP] Check Pods Manifest.lock */ = {
			isa = PBXShellScriptBuildPhase;
			buildActionMask = 2147483647;
			files = (
			);
			inputFileListPaths = (
			);
			inputPaths = (
				"${PODS_PODFILE_DIR_PATH}/Podfile.lock",
				"${PODS_ROOT}/Manifest.lock",
			);
			name = "[CP] Check Pods Manifest.lock";
			outputFileListPaths = (
			);
			outputPaths = (
				"$(DERIVED_FILE_DIR)/Pods-firebaseImageUpload-firebaseImageUploadUITests-checkManifestLockResult.txt",
			);
			runOnlyForDeploymentPostprocessing = 0;
			shellPath = /bin/sh;
			shellScript = "diff \"${PODS_PODFILE_DIR_PATH}/Podfile.lock\" \"${PODS_ROOT}/Manifest.lock\" > /dev/null\nif [ $? != 0 ] ; then\n    # print error to STDERR\n    echo \"error: The sandbox is not in sync with the Podfile.lock. Run 'pod install' or update your CocoaPods installation.\" >&2\n    exit 1\nfi\n# This output is used by Xcode 'outputs' to avoid re-running this script phase.\necho \"SUCCESS\" > \"${SCRIPT_OUTPUT_FILE_0}\"\n";
			showEnvVarsInLog = 0;
		};
/* End PBXShellScriptBuildPhase section */

/* Begin PBXSourcesBuildPhase section */
		8E746CFE284F8E3F00AE80A2 /* Sources */ = {
			isa = PBXSourcesBuildPhase;
			buildActionMask = 2147483647;
			files = (
				8E746D0A284F8E3F00AE80A2 /* ViewController.swift in Sources */,
				8E746D06284F8E3F00AE80A2 /* AppDelegate.swift in Sources */,
				8E746D08284F8E3F00AE80A2 /* SceneDelegate.swift in Sources */,
			);
			runOnlyForDeploymentPostprocessing = 0;
		};
		8E746D14284F8E4000AE80A2 /* Sources */ = {
			isa = PBXSourcesBuildPhase;
			buildActionMask = 2147483647;
			files = (
				8E746D1D284F8E4000AE80A2 /* firebaseImageUploadTests.swift in Sources */,
			);
			runOnlyForDeploymentPostprocessing = 0;
		};
		8E746D1E284F8E4000AE80A2 /* Sources */ = {
			isa = PBXSourcesBuildPhase;
			buildActionMask = 2147483647;
			files = (
				8E746D29284F8E4000AE80A2 /* firebaseImageUploadUITestsLaunchTests.swift in Sources */,
				8E746D27284F8E4000AE80A2 /* firebaseImageUploadUITests.swift in Sources */,
			);
			runOnlyForDeploymentPostprocessing = 0;
		};
/* End PBXSourcesBuildPhase section */

/* Begin PBXTargetDependency section */
		8E746D1A284F8E4000AE80A2 /* PBXTargetDependency */ = {
			isa = PBXTargetDependency;
			target = 8E746D01284F8E3F00AE80A2 /* firebaseImageUpload */;
			targetProxy = 8E746D19284F8E4000AE80A2 /* PBXContainerItemProxy */;
		};
		8E746D24284F8E4000AE80A2 /* PBXTargetDependency */ = {
			isa = PBXTargetDependency;
			target = 8E746D01284F8E3F00AE80A2 /* firebaseImageUpload */;
			targetProxy = 8E746D23284F8E4000AE80A2 /* PBXContainerItemProxy */;
		};
/* End PBXTargetDependency section */

/* Begin PBXVariantGroup section */
		8E746D0B284F8E3F00AE80A2 /* Main.storyboard */ = {
			isa = PBXVariantGroup;
			children = (
				8E746D0C284F8E3F00AE80A2 /* Base */,
			);
			name = Main.storyboard;
			sourceTree = "<group>";
		};
		8E746D10284F8E4000AE80A2 /* LaunchScreen.storyboard */ = {
			isa = PBXVariantGroup;
			children = (
				8E746D11284F8E4000AE80A2 /* Base */,
			);
			name = LaunchScreen.storyboard;
			sourceTree = "<group>";
		};
/* End PBXVariantGroup section */

/* Begin XCBuildConfiguration section */
		8E746D2A284F8E4000AE80A2 /* Debug */ = {
			isa = XCBuildConfiguration;
			buildSettings = {
				ALWAYS_SEARCH_USER_PATHS = NO;
				CLANG_ANALYZER_NONNULL = YES;
				CLANG_ANALYZER_NUMBER_OBJECT_CONVERSION = YES_AGGRESSIVE;
				CLANG_CXX_LANGUAGE_STANDARD = "gnu++17";
				CLANG_ENABLE_MODULES = YES;
				CLANG_ENABLE_OBJC_ARC = YES;
				CLANG_ENABLE_OBJC_WEAK = YES;
				CLANG_WARN_BLOCK_CAPTURE_AUTORELEASING = YES;
				CLANG_WARN_BOOL_CONVERSION = YES;
				CLANG_WARN_COMMA = YES;
				CLANG_WARN_CONSTANT_CONVERSION = YES;
				CLANG_WARN_DEPRECATED_OBJC_IMPLEMENTATIONS = YES;
				CLANG_WARN_DIRECT_OBJC_ISA_USAGE = YES_ERROR;
				CLANG_WARN_DOCUMENTATION_COMMENTS = YES;
				CLANG_WARN_EMPTY_BODY = YES;
				CLANG_WARN_ENUM_CONVERSION = YES;
				CLANG_WARN_INFINITE_RECURSION = YES;
				CLANG_WARN_INT_CONVERSION = YES;
				CLANG_WARN_NON_LITERAL_NULL_CONVERSION = YES;
				CLANG_WARN_OBJC_IMPLICIT_RETAIN_SELF = YES;
				CLANG_WARN_OBJC_LITERAL_CONVERSION = YES;
				CLANG_WARN_OBJC_ROOT_CLASS = YES_ERROR;
				CLANG_WARN_QUOTED_INCLUDE_IN_FRAMEWORK_HEADER = YES;
				CLANG_WARN_RANGE_LOOP_ANALYSIS = YES;
				CLANG_WARN_STRICT_PROTOTYPES = YES;
				CLANG_WARN_SUSPICIOUS_MOVE = YES;
				CLANG_WARN_UNGUARDED_AVAILABILITY = YES_AGGRESSIVE;
				CLANG_WARN_UNREACHABLE_CODE = YES;
				CLANG_WARN__DUPLICATE_METHOD_MATCH = YES;
				COPY_PHASE_STRIP = NO;
				DEBUG_INFORMATION_FORMAT = dwarf;
				ENABLE_STRICT_OBJC_MSGSEND = YES;
				ENABLE_TESTABILITY = YES;
				GCC_C_LANGUAGE_STANDARD = gnu11;
				GCC_DYNAMIC_NO_PIC = NO;
				GCC_NO_COMMON_BLOCKS = YES;
				GCC_OPTIMIZATION_LEVEL = 0;
				GCC_PREPROCESSOR_DEFINITIONS = (
					"DEBUG=1",
					"$(inherited)",
				);
				GCC_WARN_64_TO_32_BIT_CONVERSION = YES;
				GCC_WARN_ABOUT_RETURN_TYPE = YES_ERROR;
				GCC_WARN_UNDECLARED_SELECTOR = YES;
				GCC_WARN_UNINITIALIZED_AUTOS = YES_AGGRESSIVE;
				GCC_WARN_UNUSED_FUNCTION = YES;
				GCC_WARN_UNUSED_VARIABLE = YES;
				IPHONEOS_DEPLOYMENT_TARGET = 15.5;
				MTL_ENABLE_DEBUG_INFO = INCLUDE_SOURCE;
				MTL_FAST_MATH = YES;
				ONLY_ACTIVE_ARCH = YES;
				SDKROOT = iphoneos;
				SWIFT_ACTIVE_COMPILATION_CONDITIONS = DEBUG;
				SWIFT_OPTIMIZATION_LEVEL = "-Onone";
			};
			name = Debug;
		};
		8E746D2B284F8E4000AE80A2 /* Release */ = {
			isa = XCBuildConfiguration;
			buildSettings = {
				ALWAYS_SEARCH_USER_PATHS = NO;
				CLANG_ANALYZER_NONNULL = YES;
				CLANG_ANALYZER_NUMBER_OBJECT_CONVERSION = YES_AGGRESSIVE;
				CLANG_CXX_LANGUAGE_STANDARD = "gnu++17";
				CLANG_ENABLE_MODULES = YES;
				CLANG_ENABLE_OBJC_ARC = YES;
				CLANG_ENABLE_OBJC_WEAK = YES;
				CLANG_WARN_BLOCK_CAPTURE_AUTORELEASING = YES;
				CLANG_WARN_BOOL_CONVERSION = YES;
				CLANG_WARN_COMMA = YES;
				CLANG_WARN_CONSTANT_CONVERSION = YES;
				CLANG_WARN_DEPRECATED_OBJC_IMPLEMENTATIONS = YES;
				CLANG_WARN_DIRECT_OBJC_ISA_USAGE = YES_ERROR;
				CLANG_WARN_DOCUMENTATION_COMMENTS = YES;
				CLANG_WARN_EMPTY_BODY = YES;
				CLANG_WARN_ENUM_CONVERSION = YES;
				CLANG_WARN_INFINITE_RECURSION = YES;
				CLANG_WARN_INT_CONVERSION = YES;
				CLANG_WARN_NON_LITERAL_NULL_CONVERSION = YES;
				CLANG_WARN_OBJC_IMPLICIT_RETAIN_SELF = YES;
				CLANG_WARN_OBJC_LITERAL_CONVERSION = YES;
				CLANG_WARN_OBJC_ROOT_CLASS = YES_ERROR;
				CLANG_WARN_QUOTED_INCLUDE_IN_FRAMEWORK_HEADER = YES;
				CLANG_WARN_RANGE_LOOP_ANALYSIS = YES;
				CLANG_WARN_STRICT_PROTOTYPES = YES;
				CLANG_WARN_SUSPICIOUS_MOVE = YES;
				CLANG_WARN_UNGUARDED_AVAILABILITY = YES_AGGRESSIVE;
				CLANG_WARN_UNREACHABLE_CODE = YES;
				CLANG_WARN__DUPLICATE_METHOD_MATCH = YES;
				COPY_PHASE_STRIP = NO;
				DEBUG_INFORMATION_FORMAT = "dwarf-with-dsym";
				ENABLE_NS_ASSERTIONS = NO;
				ENABLE_STRICT_OBJC_MSGSEND = YES;
				GCC_C_LANGUAGE_STANDARD = gnu11;
				GCC_NO_COMMON_BLOCKS = YES;
				GCC_WARN_64_TO_32_BIT_CONVERSION = YES;
				GCC_WARN_ABOUT_RETURN_TYPE = YES_ERROR;
				GCC_WARN_UNDECLARED_SELECTOR = YES;
				GCC_WARN_UNINITIALIZED_AUTOS = YES_AGGRESSIVE;
				GCC_WARN_UNUSED_FUNCTION = YES;
				GCC_WARN_UNUSED_VARIABLE = YES;
				IPHONEOS_DEPLOYMENT_TARGET = 15.5;
				MTL_ENABLE_DEBUG_INFO = NO;
				MTL_FAST_MATH = YES;
				SDKROOT = iphoneos;
				SWIFT_COMPILATION_MODE = wholemodule;
				SWIFT_OPTIMIZATION_LEVEL = "-O";
				VALIDATE_PRODUCT = YES;
			};
			name = Release;
		};
		8E746D2D284F8E4000AE80A2 /* Debug */ = {
			isa = XCBuildConfiguration;
			baseConfigurationReference = AAA32EE685017F5F33780F67 /* Pods-firebaseImageUpload.debug.xcconfig */;
			buildSettings = {
				ASSETCATALOG_COMPILER_APPICON_NAME = AppIcon;
				ASSETCATALOG_COMPILER_GLOBAL_ACCENT_COLOR_NAME = AccentColor;
				CODE_SIGN_STYLE = Automatic;
				CURRENT_PROJECT_VERSION = 1;
				GENERATE_INFOPLIST_FILE = YES;
				INFOPLIST_FILE = firebaseImageUpload/Info.plist;
				INFOPLIST_KEY_UIApplicationSupportsIndirectInputEvents = YES;
				INFOPLIST_KEY_UILaunchStoryboardName = LaunchScreen;
				INFOPLIST_KEY_UIMainStoryboardFile = Main;
				INFOPLIST_KEY_UISupportedInterfaceOrientations_iPad = "UIInterfaceOrientationPortrait UIInterfaceOrientationPortraitUpsideDown UIInterfaceOrientationLandscapeLeft UIInterfaceOrientationLandscapeRight";
				INFOPLIST_KEY_UISupportedInterfaceOrientations_iPhone = "UIInterfaceOrientationPortrait UIInterfaceOrientationLandscapeLeft UIInterfaceOrientationLandscapeRight";
				LD_RUNPATH_SEARCH_PATHS = (
					"$(inherited)",
					"@executable_path/Frameworks",
				);
				MARKETING_VERSION = 1.0;
				PRODUCT_BUNDLE_IDENTIFIER = com.learning.tutorials.firebaseImageUpload;
				PRODUCT_NAME = "$(TARGET_NAME)";
				SWIFT_EMIT_LOC_STRINGS = YES;
				SWIFT_VERSION = 5.0;
				TARGETED_DEVICE_FAMILY = "1,2";
			};
			name = Debug;
		};
		8E746D2E284F8E4000AE80A2 /* Release */ = {
			isa = XCBuildConfiguration;
			baseConfigurationReference = 4D32C8A1000648861A6B3793 /* Pods-firebaseImageUpload.release.xcconfig */;
			buildSettings = {
				ASSETCATALOG_COMPILER_APPICON_NAME = AppIcon;
				ASSETCATALOG_COMPILER_GLOBAL_ACCENT_COLOR_NAME = AccentColor;
				CODE_SIGN_STYLE = Automatic;
				CURRENT_PROJECT_VERSION = 1;
				GENERATE_INFOPLIST_FILE = YES;
				INFOPLIST_FILE = firebaseImageUpload/Info.plist;
				INFOPLIST_KEY_UIApplicationSupportsIndirectInputEvents = YES;
				INFOPLIST_KEY_UILaunchStoryboardName = LaunchScreen;
				INFOPLIST_KEY_UIMainStoryboardFile = Main;
				INFOPLIST_KEY_UISupportedInterfaceOrientations_iPad = "UIInterfaceOrientationPortrait UIInterfaceOrientationPortraitUpsideDown UIInterfaceOrientationLandscapeLeft UIInterfaceOrientationLandscapeRight";
				INFOPLIST_KEY_UISupportedInterfaceOrientations_iPhone = "UIInterfaceOrientationPortrait UIInterfaceOrientationLandscapeLeft UIInterfaceOrientationLandscapeRight";
				LD_RUNPATH_SEARCH_PATHS = (
					"$(inherited)",
					"@executable_path/Frameworks",
				);
				MARKETING_VERSION = 1.0;
				PRODUCT_BUNDLE_IDENTIFIER = com.learning.tutorials.firebaseImageUpload;
				PRODUCT_NAME = "$(TARGET_NAME)";
				SWIFT_EMIT_LOC_STRINGS = YES;
				SWIFT_VERSION = 5.0;
				TARGETED_DEVICE_FAMILY = "1,2";
			};
			name = Release;
		};
		8E746D30284F8E4000AE80A2 /* Debug */ = {
			isa = XCBuildConfiguration;
			baseConfigurationReference = 052CF6DD50DE32BF124C635F /* Pods-firebaseImageUploadTests.debug.xcconfig */;
			buildSettings = {
				ALWAYS_EMBED_SWIFT_STANDARD_LIBRARIES = YES;
				BUNDLE_LOADER = "$(TEST_HOST)";
				CODE_SIGN_STYLE = Automatic;
				CURRENT_PROJECT_VERSION = 1;
				GENERATE_INFOPLIST_FILE = YES;
				IPHONEOS_DEPLOYMENT_TARGET = 15.5;
				MARKETING_VERSION = 1.0;
				PRODUCT_BUNDLE_IDENTIFIER = com.learning.tutorials.firebaseImageUploadTests;
				PRODUCT_NAME = "$(TARGET_NAME)";
				SWIFT_EMIT_LOC_STRINGS = NO;
				SWIFT_VERSION = 5.0;
				TARGETED_DEVICE_FAMILY = "1,2";
				TEST_HOST = "$(BUILT_PRODUCTS_DIR)/firebaseImageUpload.app/firebaseImageUpload";
			};
			name = Debug;
		};
		8E746D31284F8E4000AE80A2 /* Release */ = {
			isa = XCBuildConfiguration;
			baseConfigurationReference = 81F1B8DE7AAC947C28C46FA9 /* Pods-firebaseImageUploadTests.release.xcconfig */;
			buildSettings = {
				ALWAYS_EMBED_SWIFT_STANDARD_LIBRARIES = YES;
				BUNDLE_LOADER = "$(TEST_HOST)";
				CODE_SIGN_STYLE = Automatic;
				CURRENT_PROJECT_VERSION = 1;
				GENERATE_INFOPLIST_FILE = YES;
				IPHONEOS_DEPLOYMENT_TARGET = 15.5;
				MARKETING_VERSION = 1.0;
				PRODUCT_BUNDLE_IDENTIFIER = com.learning.tutorials.firebaseImageUploadTests;
				PRODUCT_NAME = "$(TARGET_NAME)";
				SWIFT_EMIT_LOC_STRINGS = NO;
				SWIFT_VERSION = 5.0;
				TARGETED_DEVICE_FAMILY = "1,2";
				TEST_HOST = "$(BUILT_PRODUCTS_DIR)/firebaseImageUpload.app/firebaseImageUpload";
			};
			name = Release;
		};
		8E746D33284F8E4000AE80A2 /* Debug */ = {
			isa = XCBuildConfiguration;
			baseConfigurationReference = 966B2B751B2D960C01C21DD4 /* Pods-firebaseImageUpload-firebaseImageUploadUITests.debug.xcconfig */;
			buildSettings = {
				ALWAYS_EMBED_SWIFT_STANDARD_LIBRARIES = YES;
				CODE_SIGN_STYLE = Automatic;
				CURRENT_PROJECT_VERSION = 1;
				GENERATE_INFOPLIST_FILE = YES;
				MARKETING_VERSION = 1.0;
				PRODUCT_BUNDLE_IDENTIFIER = com.learning.tutorials.firebaseImageUploadUITests;
				PRODUCT_NAME = "$(TARGET_NAME)";
				SWIFT_EMIT_LOC_STRINGS = NO;
				SWIFT_VERSION = 5.0;
				TARGETED_DEVICE_FAMILY = "1,2";
				TEST_TARGET_NAME = firebaseImageUpload;
			};
			name = Debug;
		};
		8E746D34284F8E4000AE80A2 /* Release */ = {
			isa = XCBuildConfiguration;
			baseConfigurationReference = BC5E04F260B937460302EED6 /* Pods-firebaseImageUpload-firebaseImageUploadUITests.release.xcconfig */;
			buildSettings = {
				ALWAYS_EMBED_SWIFT_STANDARD_LIBRARIES = YES;
				CODE_SIGN_STYLE = Automatic;
				CURRENT_PROJECT_VERSION = 1;
				GENERATE_INFOPLIST_FILE = YES;
				MARKETING_VERSION = 1.0;
				PRODUCT_BUNDLE_IDENTIFIER = com.learning.tutorials.firebaseImageUploadUITests;
				PRODUCT_NAME = "$(TARGET_NAME)";
				SWIFT_EMIT_LOC_STRINGS = NO;
				SWIFT_VERSION = 5.0;
				TARGETED_DEVICE_FAMILY = "1,2";
				TEST_TARGET_NAME = firebaseImageUpload;
			};
			name = Release;
		};
/* End XCBuildConfiguration section */

/* Begin XCConfigurationList section */
		8E746CFD284F8E3F00AE80A2 /* Build configuration list for PBXProject "firebaseImageUpload" */ = {
			isa = XCConfigurationList;
			buildConfigurations = (
				8E746D2A284F8E4000AE80A2 /* Debug */,
				8E746D2B284F8E4000AE80A2 /* Release */,
			);
			defaultConfigurationIsVisible = 0;
			defaultConfigurationName = Release;
		};
		8E746D2C284F8E4000AE80A2 /* Build configuration list for PBXNativeTarget "firebaseImageUpload" */ = {
			isa = XCConfigurationList;
			buildConfigurations = (
				8E746D2D284F8E4000AE80A2 /* Debug */,
				8E746D2E284F8E4000AE80A2 /* Release */,
			);
			defaultConfigurationIsVisible = 0;
			defaultConfigurationName = Release;
		};
		8E746D2F284F8E4000AE80A2 /* Build configuration list for PBXNativeTarget "firebaseImageUploadTests" */ = {
			isa = XCConfigurationList;
			buildConfigurations = (
				8E746D30284F8E4000AE80A2 /* Debug */,
				8E746D31284F8E4000AE80A2 /* Release */,
			);
			defaultConfigurationIsVisible = 0;
			defaultConfigurationName = Release;
		};
		8E746D32284F8E4000AE80A2 /* Build configuration list for PBXNativeTarget "firebaseImageUploadUITests" */ = {
			isa = XCConfigurationList;
			buildConfigurations = (
				8E746D33284F8E4000AE80A2 /* Debug */,
				8E746D34284F8E4000AE80A2 /* Release */,
			);
			defaultConfigurationIsVisible = 0;
			defaultConfigurationName = Release;
		};
/* End XCConfigurationList section */
	};
	rootObject = 8E746CFA284F8E3F00AE80A2 /* Project object */;
}
